
Microsoft Visual Studio Solution File, Format Version 12.00
# Visual Studio Version 17
VisualStudioVersion = 17.2.32602.215
MinimumVisualStudioVersion = 10.0.40219.1
Project("{FAE04EC0-301F-11D3-BF4B-00C04F79EFBC}") = "SurvivalMMO_ServerPlugins", "SurvivalMMO_PlayerPlugin\SurvivalMMO_ServerPlugins.csproj", "{4E5F2DB8-1E4E-4ABF-8B78-82D280B5466F}"
EndProject
Global
	GlobalSection(SolutionConfigurationPlatforms) = preSolution
		Debug|Any CPU = Debug|Any CPU
		Release|Any CPU = Release|Any CPU
	EndGlobalSection
	GlobalSection(ProjectConfigurationPlatforms) = postSolution
		{4E5F2DB8-1E4E-4ABF-8B78-82D280B5466F}.Debug|Any CPU.ActiveCfg = Debug|Any CPU
		{4E5F2DB8-1E4E-4ABF-8B78-82D280B5466F}.Debug|Any CPU.Build.0 = Debug|Any CPU
		{4E5F2DB8-1E4E-4ABF-8B78-82D280B5466F}.Release|Any CPU.ActiveCfg = Release|Any CPU
		{4E5F2DB8-1E4E-4ABF-8B78-82D280B5466F}.Release|Any CPU.Build.0 = Release|Any CPU
	EndGlobalSection
	GlobalSection(SolutionProperties) = preSolution
		HideSolutionNode = FALSE
	EndGlobalSection
	GlobalSection(ExtensibilityGlobals) = postSolution
		SolutionGuid = {9D72BDC0-5866-4D4A-BA6D-435A5880183A}
	EndGlobalSection
EndGlobal
